// !$*UTF8*$!
{
	archiveVersion = 1;
	classes = {
	};
	objectVersion = 48;
	objects = {

/* Begin PBXBuildFile section */
		5571BFEA1FDD94FB003812A9 /* AppDelegate.swift in Sources */ = {isa = PBXBuildFile; fileRef = 5571BFE91FDD94FB003812A9 /* AppDelegate.swift */; };
		5571BFEC1FDD94FB003812A9 /* MainViewController.swift in Sources */ = {isa = PBXBuildFile; fileRef = 5571BFEB1FDD94FB003812A9 /* MainViewController.swift */; };
		5571BFEF1FDD94FB003812A9 /* Main.storyboard in Resources */ = {isa = PBXBuildFile; fileRef = 5571BFED1FDD94FB003812A9 /* Main.storyboard */; };
		5571BFF11FDD94FB003812A9 /* Assets.xcassets in Resources */ = {isa = PBXBuildFile; fileRef = 5571BFF01FDD94FB003812A9 /* Assets.xcassets */; };
		5571BFF41FDD94FB003812A9 /* LaunchScreen.storyboard in Resources */ = {isa = PBXBuildFile; fileRef = 5571BFF21FDD94FB003812A9 /* LaunchScreen.storyboard */; };
		5571BFFC1FDD9661003812A9 /* CollectionViewCell.swift in Sources */ = {isa = PBXBuildFile; fileRef = 5571BFFB1FDD9661003812A9 /* CollectionViewCell.swift */; };
		5571BFFE1FDD9B4B003812A9 /* GradientView.swift in Sources */ = {isa = PBXBuildFile; fileRef = 5571BFFD1FDD9B4B003812A9 /* GradientView.swift */; };
		5571C0001FDDA035003812A9 /* SearchViewController.swift in Sources */ = {isa = PBXBuildFile; fileRef = 5571BFFF1FDDA035003812A9 /* SearchViewController.swift */; };
		5571C0041FDDA0CC003812A9 /* MantraViewController.swift in Sources */ = {isa = PBXBuildFile; fileRef = 5571C0031FDDA0CC003812A9 /* MantraViewController.swift */; };
		5571C0061FDDA2C7003812A9 /* SharedMethods.swift in Sources */ = {isa = PBXBuildFile; fileRef = 5571C0051FDDA2C7003812A9 /* SharedMethods.swift */; };
/* End PBXBuildFile section */

/* Begin PBXFileReference section */
		5571BFE61FDD94FB003812A9 /* Holistic-Helper.app */ = {isa = PBXFileReference; explicitFileType = wrapper.application; includeInIndex = 0; path = "Holistic-Helper.app"; sourceTree = BUILT_PRODUCTS_DIR; };
		5571BFE91FDD94FB003812A9 /* AppDelegate.swift */ = {isa = PBXFileReference; lastKnownFileType = sourcecode.swift; path = AppDelegate.swift; sourceTree = "<group>"; };
		5571BFEB1FDD94FB003812A9 /* MainViewController.swift */ = {isa = PBXFileReference; lastKnownFileType = sourcecode.swift; path = MainViewController.swift; sourceTree = "<group>"; };
		5571BFEE1FDD94FB003812A9 /* Base */ = {isa = PBXFileReference; lastKnownFileType = file.storyboard; name = Base; path = Base.lproj/Main.storyboard; sourceTree = "<group>"; };
		5571BFF01FDD94FB003812A9 /* Assets.xcassets */ = {isa = PBXFileReference; lastKnownFileType = folder.assetcatalog; path = Assets.xcassets; sourceTree = "<group>"; };
		5571BFF31FDD94FB003812A9 /* Base */ = {isa = PBXFileReference; lastKnownFileType = file.storyboard; name = Base; path = Base.lproj/LaunchScreen.storyboard; sourceTree = "<group>"; };
		5571BFF51FDD94FB003812A9 /* Info.plist */ = {isa = PBXFileReference; lastKnownFileType = text.plist.xml; path = Info.plist; sourceTree = "<group>"; };
		5571BFFB1FDD9661003812A9 /* CollectionViewCell.swift */ = {isa = PBXFileReference; lastKnownFileType = sourcecode.swift; path = CollectionViewCell.swift; sourceTree = "<group>"; };
		5571BFFD1FDD9B4B003812A9 /* GradientView.swift */ = {isa = PBXFileReference; lastKnownFileType = sourcecode.swift; path = GradientView.swift; sourceTree = "<group>"; };
		5571BFFF1FDDA035003812A9 /* SearchViewController.swift */ = {isa = PBXFileReference; lastKnownFileType = sourcecode.swift; path = SearchViewController.swift; sourceTree = "<group>"; };
		5571C0031FDDA0CC003812A9 /* MantraViewController.swift */ = {isa = PBXFileReference; lastKnownFileType = sourcecode.swift; path = MantraViewController.swift; sourceTree = "<group>"; };
		5571C0051FDDA2C7003812A9 /* SharedMethods.swift */ = {isa = PBXFileReference; lastKnownFileType = sourcecode.swift; path = SharedMethods.swift; sourceTree = "<group>"; };
/* End PBXFileReference section */

/* Begin PBXFrameworksBuildPhase section */
		5571BFE31FDD94FB003812A9 /* Frameworks */ = {
			isa = PBXFrameworksBuildPhase;
			buildActionMask = 2147483647;
			files = (
			);
			runOnlyForDeploymentPostprocessing = 0;
		};
/* End PBXFrameworksBuildPhase section */

/* Begin PBXGroup section */
		5571BFDD1FDD94FB003812A9 = {
			isa = PBXGroup;
			children = (
				5571BFE81FDD94FB003812A9 /* Holistic-Helper */,
				5571BFE71FDD94FB003812A9 /* Products */,
			);
			sourceTree = "<group>";
		};
		5571BFE71FDD94FB003812A9 /* Products */ = {
			isa = PBXGroup;
			children = (
				5571BFE61FDD94FB003812A9 /* Holistic-Helper.app */,
			);
			name = Products;
			sourceTree = "<group>";
		};
		5571BFE81FDD94FB003812A9 /* Holistic-Helper */ = {
			isa = PBXGroup;
			children = (
				5571BFE91FDD94FB003812A9 /* AppDelegate.swift */,
				5571C0011FDDA03D003812A9 /* ViewController */,
				5571C0021FDDA04C003812A9 /* View */,
				5571BFED1FDD94FB003812A9 /* Main.storyboard */,
				5571C0051FDDA2C7003812A9 /* SharedMethods.swift */,
				5571BFF01FDD94FB003812A9 /* Assets.xcassets */,
				5571BFF21FDD94FB003812A9 /* LaunchScreen.storyboard */,
				5571BFF51FDD94FB003812A9 /* Info.plist */,
			);
			path = "Holistic-Helper";
			sourceTree = "<group>";
		};
		5571C0011FDDA03D003812A9 /* ViewController */ = {
			isa = PBXGroup;
			children = (
				5571BFEB1FDD94FB003812A9 /* MainViewController.swift */,
				5571BFFF1FDDA035003812A9 /* SearchViewController.swift */,
				5571C0031FDDA0CC003812A9 /* MantraViewController.swift */,
			);
			path = ViewController;
			sourceTree = "<group>";
		};
		5571C0021FDDA04C003812A9 /* View */ = {
			isa = PBXGroup;
			children = (
				5571BFFB1FDD9661003812A9 /* CollectionViewCell.swift */,
				5571BFFD1FDD9B4B003812A9 /* GradientView.swift */,
			);
			path = View;
			sourceTree = "<group>";
		};
/* End PBXGroup section */

/* Begin PBXNativeTarget section */
		5571BFE51FDD94FB003812A9 /* Holistic-Helper */ = {
			isa = PBXNativeTarget;
			buildConfigurationList = 5571BFF81FDD94FB003812A9 /* Build configuration list for PBXNativeTarget "Holistic-Helper" */;
			buildPhases = (
				5571BFE21FDD94FB003812A9 /* Sources */,
				5571BFE31FDD94FB003812A9 /* Frameworks */,
				5571BFE41FDD94FB003812A9 /* Resources */,
			);
			buildRules = (
			);
			dependencies = (
			);
			name = "Holistic-Helper";
			productName = "Holistic-Helper";
			productReference = 5571BFE61FDD94FB003812A9 /* Holistic-Helper.app */;
			productType = "com.apple.product-type.application";
		};
/* End PBXNativeTarget section */

/* Begin PBXProject section */
		5571BFDE1FDD94FB003812A9 /* Project object */ = {
			isa = PBXProject;
			attributes = {
				LastSwiftUpdateCheck = 0920;
				LastUpgradeCheck = 0920;
				ORGANIZATIONNAME = "Fernando Augusto de Marins";
				TargetAttributes = {
					5571BFE51FDD94FB003812A9 = {
						CreatedOnToolsVersion = 9.2;
						ProvisioningStyle = Automatic;
					};
				};
			};
			buildConfigurationList = 5571BFE11FDD94FB003812A9 /* Build configuration list for PBXProject "Holistic-Helper" */;
			compatibilityVersion = "Xcode 8.0";
			developmentRegion = en;
			hasScannedForEncodings = 0;
			knownRegions = (
				en,
				Base,
			);
			mainGroup = 5571BFDD1FDD94FB003812A9;
			productRefGroup = 5571BFE71FDD94FB003812A9 /* Products */;
			projectDirPath = "";
			projectRoot = "";
			targets = (
				5571BFE51FDD94FB003812A9 /* Holistic-Helper */,
			);
		};
/* End PBXProject section */

/* Begin PBXResourcesBuildPhase section */
		5571BFE41FDD94FB003812A9 /* Resources */ = {
			isa = PBXResourcesBuildPhase;
			buildActionMask = 2147483647;
			files = (
				5571BFF41FDD94FB003812A9 /* LaunchScreen.storyboard in Resources */,
				5571BFF11FDD94FB003812A9 /* Assets.xcassets in Resources */,
				5571BFEF1FDD94FB003812A9 /* Main.storyboard in Resources */,
			);
			runOnlyForDeploymentPostprocessing = 0;
		};
/* End PBXResourcesBuildPhase section */

/* Begin PBXSourcesBuildPhase section */
		5571BFE21FDD94FB003812A9 /* Sources */ = {
			isa = PBXSourcesBuildPhase;
			buildActionMask = 2147483647;
			files = (
				5571C0061FDDA2C7003812A9 /* SharedMethods.swift in Sources */,
				5571C0001FDDA035003812A9 /* SearchViewController.swift in Sources */,
				5571BFEC1FDD94FB003812A9 /* MainViewController.swift in Sources */,
				5571BFEA1FDD94FB003812A9 /* AppDelegate.swift in Sources */,
				5571C0041FDDA0CC003812A9 /* MantraViewController.swift in Sources */,
				5571BFFE1FDD9B4B003812A9 /* GradientView.swift in Sources */,
				5571BFFC1FDD9661003812A9 /* CollectionViewCell.swift in Sources */,
			);
			runOnlyForDeploymentPostprocessing = 0;
		};
/* End PBXSourcesBuildPhase section */

/* Begin PBXVariantGroup section */
		5571BFED1FDD94FB003812A9 /* Main.storyboard */ = {
			isa = PBXVariantGroup;
			children = (
				5571BFEE1FDD94FB003812A9 /* Base */,
			);
			name = Main.storyboard;
			sourceTree = "<group>";
		};
		5571BFF21FDD94FB003812A9 /* LaunchScreen.storyboard */ = {
			isa = PBXVariantGroup;
			children = (
				5571BFF31FDD94FB003812A9 /* Base */,
			);
			name = LaunchScreen.storyboard;
			sourceTree = "<group>";
		};
/* End PBXVariantGroup section */

/* Begin XCBuildConfiguration section */
		5571BFF61FDD94FB003812A9 /* Debug */ = {
			isa = XCBuildConfiguration;
			buildSettings = {
				ALWAYS_SEARCH_USER_PATHS = NO;
				CLANG_ANALYZER_NONNULL = YES;
				CLANG_ANALYZER_NUMBER_OBJECT_CONVERSION = YES_AGGRESSIVE;
				CLANG_CXX_LANGUAGE_STANDARD = "gnu++14";
				CLANG_CXX_LIBRARY = "libc++";
				CLANG_ENABLE_MODULES = YES;
				CLANG_ENABLE_OBJC_ARC = YES;
				CLANG_WARN_BLOCK_CAPTURE_AUTORELEASING = YES;
				CLANG_WARN_BOOL_CONVERSION = YES;
				CLANG_WARN_COMMA = YES;
				CLANG_WARN_CONSTANT_CONVERSION = YES;
				CLANG_WARN_DIRECT_OBJC_ISA_USAGE = YES_ERROR;
				CLANG_WARN_DOCUMENTATION_COMMENTS = YES;
				CLANG_WARN_EMPTY_BODY = YES;
				CLANG_WARN_ENUM_CONVERSION = YES;
				CLANG_WARN_INFINITE_RECURSION = YES;
				CLANG_WARN_INT_CONVERSION = YES;
				CLANG_WARN_NON_LITERAL_NULL_CONVERSION = YES;
				CLANG_WARN_OBJC_LITERAL_CONVERSION = YES;
				CLANG_WARN_OBJC_ROOT_CLASS = YES_ERROR;
				CLANG_WARN_RANGE_LOOP_ANALYSIS = YES;
				CLANG_WARN_STRICT_PROTOTYPES = YES;
				CLANG_WARN_SUSPICIOUS_MOVE = YES;
				CLANG_WARN_UNGUARDED_AVAILABILITY = YES_AGGRESSIVE;
				CLANG_WARN_UNREACHABLE_CODE = YES;
				CLANG_WARN__DUPLICATE_METHOD_MATCH = YES;
				CODE_SIGN_IDENTITY = "iPhone Developer";
				COPY_PHASE_STRIP = NO;
				DEBUG_INFORMATION_FORMAT = dwarf;
				ENABLE_STRICT_OBJC_MSGSEND = YES;
				ENABLE_TESTABILITY = YES;
				GCC_C_LANGUAGE_STANDARD = gnu11;
				GCC_DYNAMIC_NO_PIC = NO;
				GCC_NO_COMMON_BLOCKS = YES;
				GCC_OPTIMIZATION_LEVEL = 0;
				GCC_PREPROCESSOR_DEFINITIONS = (
					"DEBUG=1",
					"$(inherited)",
				);
				GCC_WARN_64_TO_32_BIT_CONVERSION = YES;
				GCC_WARN_ABOUT_RETURN_TYPE = YES_ERROR;
				GCC_WARN_UNDECLARED_SELECTOR = YES;
				GCC_WARN_UNINITIALIZED_AUTOS = YES_AGGRESSIVE;
				GCC_WARN_UNUSED_FUNCTION = YES;
				GCC_WARN_UNUSED_VARIABLE = YES;
				IPHONEOS_DEPLOYMENT_TARGET = 11.2;
				MTL_ENABLE_DEBUG_INFO = YES;
				ONLY_ACTIVE_ARCH = YES;
				SDKROOT = iphoneos;
				SWIFT_ACTIVE_COMPILATION_CONDITIONS = DEBUG;
				SWIFT_OPTIMIZATION_LEVEL = "-Onone";
			};
			name = Debug;
		};
		5571BFF71FDD94FB003812A9 /* Release */ = {
			isa = XCBuildConfiguration;
			buildSettings = {
				ALWAYS_SEARCH_USER_PATHS = NO;
				CLANG_ANALYZER_NONNULL = YES;
				CLANG_ANALYZER_NUMBER_OBJECT_CONVERSION = YES_AGGRESSIVE;
				CLANG_CXX_LANGUAGE_STANDARD = "gnu++14";
				CLANG_CXX_LIBRARY = "libc++";
				CLANG_ENABLE_MODULES = YES;
				CLANG_ENABLE_OBJC_ARC = YES;
				CLANG_WARN_BLOCK_CAPTURE_AUTORELEASING = YES;
				CLANG_WARN_BOOL_CONVERSION = YES;
				CLANG_WARN_COMMA = YES;
				CLANG_WARN_CONSTANT_CONVERSION = YES;
				CLANG_WARN_DIRECT_OBJC_ISA_USAGE = YES_ERROR;
				CLANG_WARN_DOCUMENTATION_COMMENTS = YES;
				CLANG_WARN_EMPTY_BODY = YES;
				CLANG_WARN_ENUM_CONVERSION = YES;
				CLANG_WARN_INFINITE_RECURSION = YES;
				CLANG_WARN_INT_CONVERSION = YES;
				CLANG_WARN_NON_LITERAL_NULL_CONVERSION = YES;
				CLANG_WARN_OBJC_LITERAL_CONVERSION = YES;
				CLANG_WARN_OBJC_ROOT_CLASS = YES_ERROR;
				CLANG_WARN_RANGE_LOOP_ANALYSIS = YES;
				CLANG_WARN_STRICT_PROTOTYPES = YES;
				CLANG_WARN_SUSPICIOUS_MOVE = YES;
				CLANG_WARN_UNGUARDED_AVAILABILITY = YES_AGGRESSIVE;
				CLANG_WARN_UNREACHABLE_CODE = YES;
				CLANG_WARN__DUPLICATE_METHOD_MATCH = YES;
				CODE_SIGN_IDENTITY = "iPhone Developer";
				COPY_PHASE_STRIP = NO;
				DEBUG_INFORMATION_FORMAT = "dwarf-with-dsym";
				ENABLE_NS_ASSERTIONS = NO;
				ENABLE_STRICT_OBJC_MSGSEND = YES;
				GCC_C_LANGUAGE_STANDARD = gnu11;
				GCC_NO_COMMON_BLOCKS = YES;
				GCC_WARN_64_TO_32_BIT_CONVERSION = YES;
				GCC_WARN_ABOUT_RETURN_TYPE = YES_ERROR;
				GCC_WARN_UNDECLARED_SELECTOR = YES;
				GCC_WARN_UNINITIALIZED_AUTOS = YES_AGGRESSIVE;
				GCC_WARN_UNUSED_FUNCTION = YES;
				GCC_WARN_UNUSED_VARIABLE = YES;
				IPHONEOS_DEPLOYMENT_TARGET = 11.2;
				MTL_ENABLE_DEBUG_INFO = NO;
				SDKROOT = iphoneos;
				SWIFT_OPTIMIZATION_LEVEL = "-Owholemodule";
				VALIDATE_PRODUCT = YES;
			};
			name = Release;
		};
		5571BFF91FDD94FB003812A9 /* Debug */ = {
			isa = XCBuildConfiguration;
			buildSettings = {
				ASSETCATALOG_COMPILER_APPICON_NAME = AppIcon;
				CODE_SIGN_STYLE = Automatic;
				DEVELOPMENT_TEAM = C8ULV38G2Z;
				INFOPLIST_FILE = "Holistic-Helper/Info.plist";
				LD_RUNPATH_SEARCH_PATHS = "$(inherited) @executable_path/Frameworks";
				PRODUCT_BUNDLE_IDENTIFIER = "FM.Holistic-Helper";
				PRODUCT_NAME = "$(TARGET_NAME)";
				SWIFT_VERSION = 4.0;
				TARGETED_DEVICE_FAMILY = "1,2";
			};
			name = Debug;
		};
		5571BFFA1FDD94FB003812A9 /* Release */ = {
			isa = XCBuildConfiguration;
			buildSettings = {
				ASSETCATALOG_COMPILER_APPICON_NAME = AppIcon;
				CODE_SIGN_STYLE = Automatic;
				DEVELOPMENT_TEAM = C8ULV38G2Z;
				INFOPLIST_FILE = "Holistic-Helper/Info.plist";
				LD_RUNPATH_SEARCH_PATHS = "$(inherited) @executable_path/Frameworks";
				PRODUCT_BUNDLE_IDENTIFIER = "FM.Holistic-Helper";
				PRODUCT_NAME = "$(TARGET_NAME)";
				SWIFT_VERSION = 4.0;
				TARGETED_DEVICE_FAMILY = "1,2";
			};
			name = Release;
		};
/* End XCBuildConfiguration section */

/* Begin XCConfigurationList section */
		5571BFE11FDD94FB003812A9 /* Build configuration list for PBXProject "Holistic-Helper" */ = {
			isa = XCConfigurationList;
			buildConfigurations = (
				5571BFF61FDD94FB003812A9 /* Debug */,
				5571BFF71FDD94FB003812A9 /* Release */,
			);
			defaultConfigurationIsVisible = 0;
			defaultConfigurationName = Release;
		};
		5571BFF81FDD94FB003812A9 /* Build configuration list for PBXNativeTarget "Holistic-Helper" */ = {
			isa = XCConfigurationList;
			buildConfigurations = (
				5571BFF91FDD94FB003812A9 /* Debug */,
				5571BFFA1FDD94FB003812A9 /* Release */,
			);
			defaultConfigurationIsVisible = 0;
			defaultConfigurationName = Release;
		};
/* End XCConfigurationList section */
	};
	rootObject = 5571BFDE1FDD94FB003812A9 /* Project object */;
}
